
Microsoft Visual Studio Solution File, Format Version 12.00
# Visual Studio Version 17
VisualStudioVersion = 17.0.31903.59
MinimumVisualStudioVersion = 10.0.40219.1
Project("{2150E333-8FDC-42A3-9474-1A3956D46DE8}") = "src", "src", "{827E0CD3-B72D-47B6-A68D-7590B98EB39B}"
EndProject
Project("{2150E333-8FDC-42A3-9474-1A3956D46DE8}") = "PropostaService", "PropostaService", "{115BDD7A-4B5B-9B53-DEB4-0821943925E8}"
EndProject
Project("{FAE04EC0-301F-11D3-BF4B-00C04F79EFBC}") = "PropostaService.Domain", "src\PropostaService\PropostaService.Domain\PropostaService.Domain.csproj", "{64260E39-0151-42B9-AD83-73E9B9C575CF}"
EndProject
Project("{FAE04EC0-301F-11D3-BF4B-00C04F79EFBC}") = "PropostaService.Application", "src\PropostaService\PropostaService.Application\PropostaService.Application.csproj", "{5DB49D8E-56DF-4106-985D-7A1AD155E148}"
EndProject
Project("{FAE04EC0-301F-11D3-BF4B-00C04F79EFBC}") = "PropostaService.Infrastructure", "src\PropostaService\PropostaService.Infrastructure\PropostaService.Infrastructure.csproj", "{6000688B-BF08-42F0-9321-E21ED25601E5}"
EndProject
Project("{FAE04EC0-301F-11D3-BF4B-00C04F79EFBC}") = "PropostaService.API", "src\PropostaService\PropostaService.API\PropostaService.API.csproj", "{1FEEAE32-791B-4EE4-9FB5-C4C918E11E38}"
EndProject
Project("{2150E333-8FDC-42A3-9474-1A3956D46DE8}") = "ContratacaoService", "ContratacaoService", "{5051C603-E58C-EDA5-C022-FB06A510B2A3}"
EndProject
Project("{FAE04EC0-301F-11D3-BF4B-00C04F79EFBC}") = "ContratacaoService.Domain", "src\ContratacaoService\ContratacaoService.Domain\ContratacaoService.Domain.csproj", "{FA48CD84-1848-4EEE-B17F-68C6527E6792}"
EndProject
Project("{FAE04EC0-301F-11D3-BF4B-00C04F79EFBC}") = "ContratacaoService.Application", "src\ContratacaoService\ContratacaoService.Application\ContratacaoService.Application.csproj", "{9BB301C8-639A-42E6-B1B8-60788F04FA4F}"
EndProject
Project("{FAE04EC0-301F-11D3-BF4B-00C04F79EFBC}") = "ContratacaoService.Infrastructure", "src\ContratacaoService\ContratacaoService.Infrastructure\ContratacaoService.Infrastructure.csproj", "{2DFEA92F-BA95-44FC-AA12-5BE4B1E1E0D2}"
EndProject
Project("{FAE04EC0-301F-11D3-BF4B-00C04F79EFBC}") = "ContratacaoService.API", "src\ContratacaoService\ContratacaoService.API\ContratacaoService.API.csproj", "{EDF977C5-B217-4DA6-A467-FB9ACFC69270}"
EndProject
Project("{2150E333-8FDC-42A3-9474-1A3956D46DE8}") = "tests", "tests", "{0AB3BF05-4346-4AA6-1389-037BE0695223}"
EndProject
Project("{FAE04EC0-301F-11D3-BF4B-00C04F79EFBC}") = "PropostaService.Tests", "tests\PropostaService.Tests\PropostaService.Tests.csproj", "{02BC338B-28B6-4C2C-921E-37A6A6340AD3}"
EndProject
Project("{FAE04EC0-301F-11D3-BF4B-00C04F79EFBC}") = "ContratacaoService.Tests", "tests\ContratacaoService.Tests\ContratacaoService.Tests.csproj", "{37BAB2C6-7D0D-4239-8EE0-8A1F1D1EC2C2}"
EndProject
Project("{FAE04EC0-301F-11D3-BF4B-00C04F79EFBC}") = "Contracts", "src\Contracts\Contracts.csproj", "{B7208E00-7B58-45FF-AE34-07DB7620C573}"
EndProject
Global
	GlobalSection(SolutionConfigurationPlatforms) = preSolution
		Debug|Any CPU = Debug|Any CPU
		Debug|x64 = Debug|x64
		Debug|x86 = Debug|x86
		Release|Any CPU = Release|Any CPU
		Release|x64 = Release|x64
		Release|x86 = Release|x86
	EndGlobalSection
	GlobalSection(ProjectConfigurationPlatforms) = postSolution
		{64260E39-0151-42B9-AD83-73E9B9C575CF}.Debug|Any CPU.ActiveCfg = Debug|Any CPU
		{64260E39-0151-42B9-AD83-73E9B9C575CF}.Debug|Any CPU.Build.0 = Debug|Any CPU
		{64260E39-0151-42B9-AD83-73E9B9C575CF}.Debug|x64.ActiveCfg = Debug|Any CPU
		{64260E39-0151-42B9-AD83-73E9B9C575CF}.Debug|x64.Build.0 = Debug|Any CPU
		{64260E39-0151-42B9-AD83-73E9B9C575CF}.Debug|x86.ActiveCfg = Debug|Any CPU
		{64260E39-0151-42B9-AD83-73E9B9C575CF}.Debug|x86.Build.0 = Debug|Any CPU
		{64260E39-0151-42B9-AD83-73E9B9C575CF}.Release|Any CPU.ActiveCfg = Release|Any CPU
		{64260E39-0151-42B9-AD83-73E9B9C575CF}.Release|Any CPU.Build.0 = Release|Any CPU
		{64260E39-0151-42B9-AD83-73E9B9C575CF}.Release|x64.ActiveCfg = Release|Any CPU
		{64260E39-0151-42B9-AD83-73E9B9C575CF}.Release|x64.Build.0 = Release|Any CPU
		{64260E39-0151-42B9-AD83-73E9B9C575CF}.Release|x86.ActiveCfg = Release|Any CPU
		{64260E39-0151-42B9-AD83-73E9B9C575CF}.Release|x86.Build.0 = Release|Any CPU
		{5DB49D8E-56DF-4106-985D-7A1AD155E148}.Debug|Any CPU.ActiveCfg = Debug|Any CPU
		{5DB49D8E-56DF-4106-985D-7A1AD155E148}.Debug|Any CPU.Build.0 = Debug|Any CPU
		{5DB49D8E-56DF-4106-985D-7A1AD155E148}.Debug|x64.ActiveCfg = Debug|Any CPU
		{5DB49D8E-56DF-4106-985D-7A1AD155E148}.Debug|x64.Build.0 = Debug|Any CPU
		{5DB49D8E-56DF-4106-985D-7A1AD155E148}.Debug|x86.ActiveCfg = Debug|Any CPU
		{5DB49D8E-56DF-4106-985D-7A1AD155E148}.Debug|x86.Build.0 = Debug|Any CPU
		{5DB49D8E-56DF-4106-985D-7A1AD155E148}.Release|Any CPU.ActiveCfg = Release|Any CPU
		{5DB49D8E-56DF-4106-985D-7A1AD155E148}.Release|Any CPU.Build.0 = Release|Any CPU
		{5DB49D8E-56DF-4106-985D-7A1AD155E148}.Release|x64.ActiveCfg = Release|Any CPU
		{5DB49D8E-56DF-4106-985D-7A1AD155E148}.Release|x64.Build.0 = Release|Any CPU
		{5DB49D8E-56DF-4106-985D-7A1AD155E148}.Release|x86.ActiveCfg = Release|Any CPU
		{5DB49D8E-56DF-4106-985D-7A1AD155E148}.Release|x86.Build.0 = Release|Any CPU
		{6000688B-BF08-42F0-9321-E21ED25601E5}.Debug|Any CPU.ActiveCfg = Debug|Any CPU
		{6000688B-BF08-42F0-9321-E21ED25601E5}.Debug|Any CPU.Build.0 = Debug|Any CPU
		{6000688B-BF08-42F0-9321-E21ED25601E5}.Debug|x64.ActiveCfg = Debug|Any CPU
		{6000688B-BF08-42F0-9321-E21ED25601E5}.Debug|x64.Build.0 = Debug|Any CPU
		{6000688B-BF08-42F0-9321-E21ED25601E5}.Debug|x86.ActiveCfg = Debug|Any CPU
		{6000688B-BF08-42F0-9321-E21ED25601E5}.Debug|x86.Build.0 = Debug|Any CPU
		{6000688B-BF08-42F0-9321-E21ED25601E5}.Release|Any CPU.ActiveCfg = Release|Any CPU
		{6000688B-BF08-42F0-9321-E21ED25601E5}.Release|Any CPU.Build.0 = Release|Any CPU
		{6000688B-BF08-42F0-9321-E21ED25601E5}.Release|x64.ActiveCfg = Release|Any CPU
		{6000688B-BF08-42F0-9321-E21ED25601E5}.Release|x64.Build.0 = Release|Any CPU
		{6000688B-BF08-42F0-9321-E21ED25601E5}.Release|x86.ActiveCfg = Release|Any CPU
		{6000688B-BF08-42F0-9321-E21ED25601E5}.Release|x86.Build.0 = Release|Any CPU
		{1FEEAE32-791B-4EE4-9FB5-C4C918E11E38}.Debug|Any CPU.ActiveCfg = Debug|Any CPU
		{1FEEAE32-791B-4EE4-9FB5-C4C918E11E38}.Debug|Any CPU.Build.0 = Debug|Any CPU
		{1FEEAE32-791B-4EE4-9FB5-C4C918E11E38}.Debug|x64.ActiveCfg = Debug|Any CPU
		{1FEEAE32-791B-4EE4-9FB5-C4C918E11E38}.Debug|x64.Build.0 = Debug|Any CPU
		{1FEEAE32-791B-4EE4-9FB5-C4C918E11E38}.Debug|x86.ActiveCfg = Debug|Any CPU
		{1FEEAE32-791B-4EE4-9FB5-C4C918E11E38}.Debug|x86.Build.0 = Debug|Any CPU
		{1FEEAE32-791B-4EE4-9FB5-C4C918E11E38}.Release|Any CPU.ActiveCfg = Release|Any CPU
		{1FEEAE32-791B-4EE4-9FB5-C4C918E11E38}.Release|Any CPU.Build.0 = Release|Any CPU
		{1FEEAE32-791B-4EE4-9FB5-C4C918E11E38}.Release|x64.ActiveCfg = Release|Any CPU
		{1FEEAE32-791B-4EE4-9FB5-C4C918E11E38}.Release|x64.Build.0 = Release|Any CPU
		{1FEEAE32-791B-4EE4-9FB5-C4C918E11E38}.Release|x86.ActiveCfg = Release|Any CPU
		{1FEEAE32-791B-4EE4-9FB5-C4C918E11E38}.Release|x86.Build.0 = Release|Any CPU
		{FA48CD84-1848-4EEE-B17F-68C6527E6792}.Debug|Any CPU.ActiveCfg = Debug|Any CPU
		{FA48CD84-1848-4EEE-B17F-68C6527E6792}.Debug|Any CPU.Build.0 = Debug|Any CPU
		{FA48CD84-1848-4EEE-B17F-68C6527E6792}.Debug|x64.ActiveCfg = Debug|Any CPU
		{FA48CD84-1848-4EEE-B17F-68C6527E6792}.Debug|x64.Build.0 = Debug|Any CPU
		{FA48CD84-1848-4EEE-B17F-68C6527E6792}.Debug|x86.ActiveCfg = Debug|Any CPU
		{FA48CD84-1848-4EEE-B17F-68C6527E6792}.Debug|x86.Build.0 = Debug|Any CPU
		{FA48CD84-1848-4EEE-B17F-68C6527E6792}.Release|Any CPU.ActiveCfg = Release|Any CPU
		{FA48CD84-1848-4EEE-B17F-68C6527E6792}.Release|Any CPU.Build.0 = Release|Any CPU
		{FA48CD84-1848-4EEE-B17F-68C6527E6792}.Release|x64.ActiveCfg = Release|Any CPU
		{FA48CD84-1848-4EEE-B17F-68C6527E6792}.Release|x64.Build.0 = Release|Any CPU
		{FA48CD84-1848-4EEE-B17F-68C6527E6792}.Release|x86.ActiveCfg = Release|Any CPU
		{FA48CD84-1848-4EEE-B17F-68C6527E6792}.Release|x86.Build.0 = Release|Any CPU
		{9BB301C8-639A-42E6-B1B8-60788F04FA4F}.Debug|Any CPU.ActiveCfg = Debug|Any CPU
		{9BB301C8-639A-42E6-B1B8-60788F04FA4F}.Debug|Any CPU.Build.0 = Debug|Any CPU
		{9BB301C8-639A-42E6-B1B8-60788F04FA4F}.Debug|x64.ActiveCfg = Debug|Any CPU
		{9BB301C8-639A-42E6-B1B8-60788F04FA4F}.Debug|x64.Build.0 = Debug|Any CPU
		{9BB301C8-639A-42E6-B1B8-60788F04FA4F}.Debug|x86.ActiveCfg = Debug|Any CPU
		{9BB301C8-639A-42E6-B1B8-60788F04FA4F}.Debug|x86.Build.0 = Debug|Any CPU
		{9BB301C8-639A-42E6-B1B8-60788F04FA4F}.Release|Any CPU.ActiveCfg = Release|Any CPU
		{9BB301C8-639A-42E6-B1B8-60788F04FA4F}.Release|Any CPU.Build.0 = Release|Any CPU
		{9BB301C8-639A-42E6-B1B8-60788F04FA4F}.Release|x64.ActiveCfg = Release|Any CPU
		{9BB301C8-639A-42E6-B1B8-60788F04FA4F}.Release|x64.Build.0 = Release|Any CPU
		{9BB301C8-639A-42E6-B1B8-60788F04FA4F}.Release|x86.ActiveCfg = Release|Any CPU
		{9BB301C8-639A-42E6-B1B8-60788F04FA4F}.Release|x86.Build.0 = Release|Any CPU
		{2DFEA92F-BA95-44FC-AA12-5BE4B1E1E0D2}.Debug|Any CPU.ActiveCfg = Debug|Any CPU
		{2DFEA92F-BA95-44FC-AA12-5BE4B1E1E0D2}.Debug|Any CPU.Build.0 = Debug|Any CPU
		{2DFEA92F-BA95-44FC-AA12-5BE4B1E1E0D2}.Debug|x64.ActiveCfg = Debug|Any CPU
		{2DFEA92F-BA95-44FC-AA12-5BE4B1E1E0D2}.Debug|x64.Build.0 = Debug|Any CPU
		{2DFEA92F-BA95-44FC-AA12-5BE4B1E1E0D2}.Debug|x86.ActiveCfg = Debug|Any CPU
		{2DFEA92F-BA95-44FC-AA12-5BE4B1E1E0D2}.Debug|x86.Build.0 = Debug|Any CPU
		{2DFEA92F-BA95-44FC-AA12-5BE4B1E1E0D2}.Release|Any CPU.ActiveCfg = Release|Any CPU
		{2DFEA92F-BA95-44FC-AA12-5BE4B1E1E0D2}.Release|Any CPU.Build.0 = Release|Any CPU
		{2DFEA92F-BA95-44FC-AA12-5BE4B1E1E0D2}.Release|x64.ActiveCfg = Release|Any CPU
		{2DFEA92F-BA95-44FC-AA12-5BE4B1E1E0D2}.Release|x64.Build.0 = Release|Any CPU
		{2DFEA92F-BA95-44FC-AA12-5BE4B1E1E0D2}.Release|x86.ActiveCfg = Release|Any CPU
		{2DFEA92F-BA95-44FC-AA12-5BE4B1E1E0D2}.Release|x86.Build.0 = Release|Any CPU
		{EDF977C5-B217-4DA6-A467-FB9ACFC69270}.Debug|Any CPU.ActiveCfg = Debug|Any CPU
		{EDF977C5-B217-4DA6-A467-FB9ACFC69270}.Debug|Any CPU.Build.0 = Debug|Any CPU
		{EDF977C5-B217-4DA6-A467-FB9ACFC69270}.Debug|x64.ActiveCfg = Debug|Any CPU
		{EDF977C5-B217-4DA6-A467-FB9ACFC69270}.Debug|x64.Build.0 = Debug|Any CPU
		{EDF977C5-B217-4DA6-A467-FB9ACFC69270}.Debug|x86.ActiveCfg = Debug|Any CPU
		{EDF977C5-B217-4DA6-A467-FB9ACFC69270}.Debug|x86.Build.0 = Debug|Any CPU
		{EDF977C5-B217-4DA6-A467-FB9ACFC69270}.Release|Any CPU.ActiveCfg = Release|Any CPU
		{EDF977C5-B217-4DA6-A467-FB9ACFC69270}.Release|Any CPU.Build.0 = Release|Any CPU
		{EDF977C5-B217-4DA6-A467-FB9ACFC69270}.Release|x64.ActiveCfg = Release|Any CPU
		{EDF977C5-B217-4DA6-A467-FB9ACFC69270}.Release|x64.Build.0 = Release|Any CPU
		{EDF977C5-B217-4DA6-A467-FB9ACFC69270}.Release|x86.ActiveCfg = Release|Any CPU
		{EDF977C5-B217-4DA6-A467-FB9ACFC69270}.Release|x86.Build.0 = Release|Any CPU
		{02BC338B-28B6-4C2C-921E-37A6A6340AD3}.Debug|Any CPU.ActiveCfg = Debug|Any CPU
		{02BC338B-28B6-4C2C-921E-37A6A6340AD3}.Debug|Any CPU.Build.0 = Debug|Any CPU
		{02BC338B-28B6-4C2C-921E-37A6A6340AD3}.Debug|x64.ActiveCfg = Debug|Any CPU
		{02BC338B-28B6-4C2C-921E-37A6A6340AD3}.Debug|x64.Build.0 = Debug|Any CPU
		{02BC338B-28B6-4C2C-921E-37A6A6340AD3}.Debug|x86.ActiveCfg = Debug|Any CPU
		{02BC338B-28B6-4C2C-921E-37A6A6340AD3}.Debug|x86.Build.0 = Debug|Any CPU
		{02BC338B-28B6-4C2C-921E-37A6A6340AD3}.Release|Any CPU.ActiveCfg = Release|Any CPU
		{02BC338B-28B6-4C2C-921E-37A6A6340AD3}.Release|Any CPU.Build.0 = Release|Any CPU
		{02BC338B-28B6-4C2C-921E-37A6A6340AD3}.Release|x64.ActiveCfg = Release|Any CPU
		{02BC338B-28B6-4C2C-921E-37A6A6340AD3}.Release|x64.Build.0 = Release|Any CPU
		{02BC338B-28B6-4C2C-921E-37A6A6340AD3}.Release|x86.ActiveCfg = Release|Any CPU
		{02BC338B-28B6-4C2C-921E-37A6A6340AD3}.Release|x86.Build.0 = Release|Any CPU
		{37BAB2C6-7D0D-4239-8EE0-8A1F1D1EC2C2}.Debug|Any CPU.ActiveCfg = Debug|Any CPU
		{37BAB2C6-7D0D-4239-8EE0-8A1F1D1EC2C2}.Debug|Any CPU.Build.0 = Debug|Any CPU
		{37BAB2C6-7D0D-4239-8EE0-8A1F1D1EC2C2}.Debug|x64.ActiveCfg = Debug|Any CPU
		{37BAB2C6-7D0D-4239-8EE0-8A1F1D1EC2C2}.Debug|x64.Build.0 = Debug|Any CPU
		{37BAB2C6-7D0D-4239-8EE0-8A1F1D1EC2C2}.Debug|x86.ActiveCfg = Debug|Any CPU
		{37BAB2C6-7D0D-4239-8EE0-8A1F1D1EC2C2}.Debug|x86.Build.0 = Debug|Any CPU
		{37BAB2C6-7D0D-4239-8EE0-8A1F1D1EC2C2}.Release|Any CPU.ActiveCfg = Release|Any CPU
		{37BAB2C6-7D0D-4239-8EE0-8A1F1D1EC2C2}.Release|Any CPU.Build.0 = Release|Any CPU
		{37BAB2C6-7D0D-4239-8EE0-8A1F1D1EC2C2}.Release|x64.ActiveCfg = Release|Any CPU
		{37BAB2C6-7D0D-4239-8EE0-8A1F1D1EC2C2}.Release|x64.Build.0 = Release|Any CPU
		{37BAB2C6-7D0D-4239-8EE0-8A1F1D1EC2C2}.Release|x86.ActiveCfg = Release|Any CPU
		{37BAB2C6-7D0D-4239-8EE0-8A1F1D1EC2C2}.Release|x86.Build.0 = Release|Any CPU
		{B7208E00-7B58-45FF-AE34-07DB7620C573}.Debug|Any CPU.ActiveCfg = Debug|Any CPU
		{B7208E00-7B58-45FF-AE34-07DB7620C573}.Debug|Any CPU.Build.0 = Debug|Any CPU
		{B7208E00-7B58-45FF-AE34-07DB7620C573}.Debug|x64.ActiveCfg = Debug|Any CPU
		{B7208E00-7B58-45FF-AE34-07DB7620C573}.Debug|x64.Build.0 = Debug|Any CPU
		{B7208E00-7B58-45FF-AE34-07DB7620C573}.Debug|x86.ActiveCfg = Debug|Any CPU
		{B7208E00-7B58-45FF-AE34-07DB7620C573}.Debug|x86.Build.0 = Debug|Any CPU
		{B7208E00-7B58-45FF-AE34-07DB7620C573}.Release|Any CPU.ActiveCfg = Release|Any CPU
		{B7208E00-7B58-45FF-AE34-07DB7620C573}.Release|Any CPU.Build.0 = Release|Any CPU
		{B7208E00-7B58-45FF-AE34-07DB7620C573}.Release|x64.ActiveCfg = Release|Any CPU
		{B7208E00-7B58-45FF-AE34-07DB7620C573}.Release|x64.Build.0 = Release|Any CPU
		{B7208E00-7B58-45FF-AE34-07DB7620C573}.Release|x86.ActiveCfg = Release|Any CPU
		{B7208E00-7B58-45FF-AE34-07DB7620C573}.Release|x86.Build.0 = Release|Any CPU
	EndGlobalSection
	GlobalSection(SolutionProperties) = preSolution
		HideSolutionNode = FALSE
	EndGlobalSection
	GlobalSection(NestedProjects) = preSolution
		{115BDD7A-4B5B-9B53-DEB4-0821943925E8} = {827E0CD3-B72D-47B6-A68D-7590B98EB39B}
		{64260E39-0151-42B9-AD83-73E9B9C575CF} = {115BDD7A-4B5B-9B53-DEB4-0821943925E8}
		{5DB49D8E-56DF-4106-985D-7A1AD155E148} = {115BDD7A-4B5B-9B53-DEB4-0821943925E8}
		{6000688B-BF08-42F0-9321-E21ED25601E5} = {115BDD7A-4B5B-9B53-DEB4-0821943925E8}
		{1FEEAE32-791B-4EE4-9FB5-C4C918E11E38} = {115BDD7A-4B5B-9B53-DEB4-0821943925E8}
		{5051C603-E58C-EDA5-C022-FB06A510B2A3} = {827E0CD3-B72D-47B6-A68D-7590B98EB39B}
		{FA48CD84-1848-4EEE-B17F-68C6527E6792} = {5051C603-E58C-EDA5-C022-FB06A510B2A3}
		{9BB301C8-639A-42E6-B1B8-60788F04FA4F} = {5051C603-E58C-EDA5-C022-FB06A510B2A3}
		{2DFEA92F-BA95-44FC-AA12-5BE4B1E1E0D2} = {5051C603-E58C-EDA5-C022-FB06A510B2A3}
		{EDF977C5-B217-4DA6-A467-FB9ACFC69270} = {5051C603-E58C-EDA5-C022-FB06A510B2A3}
		{02BC338B-28B6-4C2C-921E-37A6A6340AD3} = {0AB3BF05-4346-4AA6-1389-037BE0695223}
		{37BAB2C6-7D0D-4239-8EE0-8A1F1D1EC2C2} = {0AB3BF05-4346-4AA6-1389-037BE0695223}
		{B7208E00-7B58-45FF-AE34-07DB7620C573} = {827E0CD3-B72D-47B6-A68D-7590B98EB39B}
	EndGlobalSection
EndGlobal
